// !$*UTF8*$!
{
	archiveVersion = 1;
	classes = {
	};
	objectVersion = 46;
	objects = {

/* Begin PBXBuildFile section */
		063E875620C52EFB00BAF965 /* Concentration.swift in Sources */ = {isa = PBXBuildFile; fileRef = 063E875520C52EFB00BAF965 /* Concentration.swift */; };
		063E875820C52FD100BAF965 /* Card.swift in Sources */ = {isa = PBXBuildFile; fileRef = 063E875720C52FD100BAF965 /* Card.swift */; };
		06473C3C20AD786A000806C4 /* AppDelegate.swift in Sources */ = {isa = PBXBuildFile; fileRef = 06473C3B20AD786A000806C4 /* AppDelegate.swift */; };
		06473C3E20AD786A000806C4 /* ConcentrationViewController.swift in Sources */ = {isa = PBXBuildFile; fileRef = 06473C3D20AD786A000806C4 /* ConcentrationViewController.swift */; };
		06473C4120AD786A000806C4 /* Main.storyboard in Resources */ = {isa = PBXBuildFile; fileRef = 06473C3F20AD786A000806C4 /* Main.storyboard */; };
		06473C4420AD786A000806C4 /* Concentration.xcdatamodeld in Sources */ = {isa = PBXBuildFile; fileRef = 06473C4220AD786A000806C4 /* Concentration.xcdatamodeld */; };
		06473C4620AD786A000806C4 /* Assets.xcassets in Resources */ = {isa = PBXBuildFile; fileRef = 06473C4520AD786A000806C4 /* Assets.xcassets */; };
		06473C4920AD786A000806C4 /* LaunchScreen.storyboard in Resources */ = {isa = PBXBuildFile; fileRef = 06473C4720AD786A000806C4 /* LaunchScreen.storyboard */; };
		06473C5420AD786A000806C4 /* ConcentrationTests.swift in Sources */ = {isa = PBXBuildFile; fileRef = 06473C5320AD786A000806C4 /* ConcentrationTests.swift */; };
		06473C5F20AD786A000806C4 /* ConcentrationUITests.swift in Sources */ = {isa = PBXBuildFile; fileRef = 06473C5E20AD786A000806C4 /* ConcentrationUITests.swift */; };
/* End PBXBuildFile section */

/* Begin PBXContainerItemProxy section */
		06473C5020AD786A000806C4 /* PBXContainerItemProxy */ = {
			isa = PBXContainerItemProxy;
			containerPortal = 06473C3020AD786A000806C4 /* Project object */;
			proxyType = 1;
			remoteGlobalIDString = 06473C3720AD786A000806C4;
			remoteInfo = Concentration;
		};
		06473C5B20AD786A000806C4 /* PBXContainerItemProxy */ = {
			isa = PBXContainerItemProxy;
			containerPortal = 06473C3020AD786A000806C4 /* Project object */;
			proxyType = 1;
			remoteGlobalIDString = 06473C3720AD786A000806C4;
			remoteInfo = Concentration;
		};
/* End PBXContainerItemProxy section */

/* Begin PBXFileReference section */
		063E875520C52EFB00BAF965 /* Concentration.swift */ = {isa = PBXFileReference; fileEncoding = 4; lastKnownFileType = sourcecode.swift; path = Concentration.swift; sourceTree = "<group>"; };
		063E875720C52FD100BAF965 /* Card.swift */ = {isa = PBXFileReference; fileEncoding = 4; lastKnownFileType = sourcecode.swift; path = Card.swift; sourceTree = "<group>"; };
		06473C3820AD786A000806C4 /* Concentration.app */ = {isa = PBXFileReference; explicitFileType = wrapper.application; includeInIndex = 0; path = Concentration.app; sourceTree = BUILT_PRODUCTS_DIR; };
		06473C3B20AD786A000806C4 /* AppDelegate.swift */ = {isa = PBXFileReference; lastKnownFileType = sourcecode.swift; path = AppDelegate.swift; sourceTree = "<group>"; };
		06473C3D20AD786A000806C4 /* ConcentrationViewController.swift */ = {isa = PBXFileReference; lastKnownFileType = sourcecode.swift; path = ConcentrationViewController.swift; sourceTree = "<group>"; };
		06473C4020AD786A000806C4 /* Base */ = {isa = PBXFileReference; lastKnownFileType = file.storyboard; name = Base; path = Base.lproj/Main.storyboard; sourceTree = "<group>"; };
		06473C4320AD786A000806C4 /* Concentration.xcdatamodel */ = {isa = PBXFileReference; lastKnownFileType = wrapper.xcdatamodel; path = Concentration.xcdatamodel; sourceTree = "<group>"; };
		06473C4520AD786A000806C4 /* Assets.xcassets */ = {isa = PBXFileReference; lastKnownFileType = folder.assetcatalog; path = Assets.xcassets; sourceTree = "<group>"; };
		06473C4820AD786A000806C4 /* Base */ = {isa = PBXFileReference; lastKnownFileType = file.storyboard; name = Base; path = Base.lproj/LaunchScreen.storyboard; sourceTree = "<group>"; };
		06473C4A20AD786A000806C4 /* Info.plist */ = {isa = PBXFileReference; lastKnownFileType = text.plist.xml; path = Info.plist; sourceTree = "<group>"; };
		06473C4F20AD786A000806C4 /* ConcentrationTests.xctest */ = {isa = PBXFileReference; explicitFileType = wrapper.cfbundle; includeInIndex = 0; path = ConcentrationTests.xctest; sourceTree = BUILT_PRODUCTS_DIR; };
		06473C5320AD786A000806C4 /* ConcentrationTests.swift */ = {isa = PBXFileReference; lastKnownFileType = sourcecode.swift; path = ConcentrationTests.swift; sourceTree = "<group>"; };
		06473C5520AD786A000806C4 /* Info.plist */ = {isa = PBXFileReference; lastKnownFileType = text.plist.xml; path = Info.plist; sourceTree = "<group>"; };
		06473C5A20AD786A000806C4 /* ConcentrationUITests.xctest */ = {isa = PBXFileReference; explicitFileType = wrapper.cfbundle; includeInIndex = 0; path = ConcentrationUITests.xctest; sourceTree = BUILT_PRODUCTS_DIR; };
		06473C5E20AD786A000806C4 /* ConcentrationUITests.swift */ = {isa = PBXFileReference; lastKnownFileType = sourcecode.swift; path = ConcentrationUITests.swift; sourceTree = "<group>"; };
		06473C6020AD786A000806C4 /* Info.plist */ = {isa = PBXFileReference; lastKnownFileType = text.plist.xml; path = Info.plist; sourceTree = "<group>"; };
/* End PBXFileReference section */

/* Begin PBXFrameworksBuildPhase section */
		06473C3520AD786A000806C4 /* Frameworks */ = {
			isa = PBXFrameworksBuildPhase;
			buildActionMask = 2147483647;
			files = (
			);
			runOnlyForDeploymentPostprocessing = 0;
		};
		06473C4C20AD786A000806C4 /* Frameworks */ = {
			isa = PBXFrameworksBuildPhase;
			buildActionMask = 2147483647;
			files = (
			);
			runOnlyForDeploymentPostprocessing = 0;
		};
		06473C5720AD786A000806C4 /* Frameworks */ = {
			isa = PBXFrameworksBuildPhase;
			buildActionMask = 2147483647;
			files = (
			);
			runOnlyForDeploymentPostprocessing = 0;
		};
/* End PBXFrameworksBuildPhase section */

/* Begin PBXGroup section */
		06473C2F20AD786A000806C4 = {
			isa = PBXGroup;
			children = (
				06473C3A20AD786A000806C4 /* Concentration */,
				06473C5220AD786A000806C4 /* ConcentrationTests */,
				06473C5D20AD786A000806C4 /* ConcentrationUITests */,
				06473C3920AD786A000806C4 /* Products */,
			);
			sourceTree = "<group>";
		};
		06473C3920AD786A000806C4 /* Products */ = {
			isa = PBXGroup;
			children = (
				06473C3820AD786A000806C4 /* Concentration.app */,
				06473C4F20AD786A000806C4 /* ConcentrationTests.xctest */,
				06473C5A20AD786A000806C4 /* ConcentrationUITests.xctest */,
			);
			name = Products;
			sourceTree = "<group>";
		};
		06473C3A20AD786A000806C4 /* Concentration */ = {
			isa = PBXGroup;
			children = (
				06473C3B20AD786A000806C4 /* AppDelegate.swift */,
				06473C3D20AD786A000806C4 /* ConcentrationViewController.swift */,
				063E875520C52EFB00BAF965 /* Concentration.swift */,
				063E875720C52FD100BAF965 /* Card.swift */,
				06473C3F20AD786A000806C4 /* Main.storyboard */,
				06473C4520AD786A000806C4 /* Assets.xcassets */,
				06473C4720AD786A000806C4 /* LaunchScreen.storyboard */,
				06473C4A20AD786A000806C4 /* Info.plist */,
				06473C4220AD786A000806C4 /* Concentration.xcdatamodeld */,
			);
			path = Concentration;
			sourceTree = "<group>";
		};
		06473C5220AD786A000806C4 /* ConcentrationTests */ = {
			isa = PBXGroup;
			children = (
				06473C5320AD786A000806C4 /* ConcentrationTests.swift */,
				06473C5520AD786A000806C4 /* Info.plist */,
			);
			path = ConcentrationTests;
			sourceTree = "<group>";
		};
		06473C5D20AD786A000806C4 /* ConcentrationUITests */ = {
			isa = PBXGroup;
			children = (
				06473C5E20AD786A000806C4 /* ConcentrationUITests.swift */,
				06473C6020AD786A000806C4 /* Info.plist */,
			);
			path = ConcentrationUITests;
			sourceTree = "<group>";
		};
/* End PBXGroup section */

/* Begin PBXNativeTarget section */
		06473C3720AD786A000806C4 /* Concentration */ = {
			isa = PBXNativeTarget;
			buildConfigurationList = 06473C6320AD786A000806C4 /* Build configuration list for PBXNativeTarget "Concentration" */;
			buildPhases = (
				06473C3420AD786A000806C4 /* Sources */,
				06473C3520AD786A000806C4 /* Frameworks */,
				06473C3620AD786A000806C4 /* Resources */,
			);
			buildRules = (
			);
			dependencies = (
			);
			name = Concentration;
			productName = Concentration;
			productReference = 06473C3820AD786A000806C4 /* Concentration.app */;
			productType = "com.apple.product-type.application";
		};
		06473C4E20AD786A000806C4 /* ConcentrationTests */ = {
			isa = PBXNativeTarget;
			buildConfigurationList = 06473C6620AD786A000806C4 /* Build configuration list for PBXNativeTarget "ConcentrationTests" */;
			buildPhases = (
				06473C4B20AD786A000806C4 /* Sources */,
				06473C4C20AD786A000806C4 /* Frameworks */,
				06473C4D20AD786A000806C4 /* Resources */,
			);
			buildRules = (
			);
			dependencies = (
				06473C5120AD786A000806C4 /* PBXTargetDependency */,
			);
			name = ConcentrationTests;
			productName = ConcentrationTests;
			productReference = 06473C4F20AD786A000806C4 /* ConcentrationTests.xctest */;
			productType = "com.apple.product-type.bundle.unit-test";
		};
		06473C5920AD786A000806C4 /* ConcentrationUITests */ = {
			isa = PBXNativeTarget;
			buildConfigurationList = 06473C6920AD786A000806C4 /* Build configuration list for PBXNativeTarget "ConcentrationUITests" */;
			buildPhases = (
				06473C5620AD786A000806C4 /* Sources */,
				06473C5720AD786A000806C4 /* Frameworks */,
				06473C5820AD786A000806C4 /* Resources */,
			);
			buildRules = (
			);
			dependencies = (
				06473C5C20AD786A000806C4 /* PBXTargetDependency */,
			);
			name = ConcentrationUITests;
			productName = ConcentrationUITests;
			productReference = 06473C5A20AD786A000806C4 /* ConcentrationUITests.xctest */;
			productType = "com.apple.product-type.bundle.ui-testing";
		};
/* End PBXNativeTarget section */

/* Begin PBXProject section */
		06473C3020AD786A000806C4 /* Project object */ = {
			isa = PBXProject;
			attributes = {
				LastSwiftUpdateCheck = 0830;
				LastUpgradeCheck = 0830;
				ORGANIZATIONNAME = "Kozak, Luca";
				TargetAttributes = {
					06473C3720AD786A000806C4 = {
						CreatedOnToolsVersion = 8.3.3;
						ProvisioningStyle = Automatic;
					};
					06473C4E20AD786A000806C4 = {
						CreatedOnToolsVersion = 8.3.3;
						ProvisioningStyle = Automatic;
						TestTargetID = 06473C3720AD786A000806C4;
					};
					06473C5920AD786A000806C4 = {
						CreatedOnToolsVersion = 8.3.3;
						ProvisioningStyle = Automatic;
						TestTargetID = 06473C3720AD786A000806C4;
					};
				};
			};
			buildConfigurationList = 06473C3320AD786A000806C4 /* Build configuration list for PBXProject "Concentration" */;
			compatibilityVersion = "Xcode 3.2";
			developmentRegion = English;
			hasScannedForEncodings = 0;
			knownRegions = (
				en,
				Base,
			);
			mainGroup = 06473C2F20AD786A000806C4;
			productRefGroup = 06473C3920AD786A000806C4 /* Products */;
			projectDirPath = "";
			projectRoot = "";
			targets = (
				06473C3720AD786A000806C4 /* Concentration */,
				06473C4E20AD786A000806C4 /* ConcentrationTests */,
				06473C5920AD786A000806C4 /* ConcentrationUITests */,
			);
		};
/* End PBXProject section */

/* Begin PBXResourcesBuildPhase section */
		06473C3620AD786A000806C4 /* Resources */ = {
			isa = PBXResourcesBuildPhase;
			buildActionMask = 2147483647;
			files = (
				06473C4920AD786A000806C4 /* LaunchScreen.storyboard in Resources */,
				06473C4620AD786A000806C4 /* Assets.xcassets in Resources */,
				06473C4120AD786A000806C4 /* Main.storyboard in Resources */,
			);
			runOnlyForDeploymentPostprocessing = 0;
		};
		06473C4D20AD786A000806C4 /* Resources */ = {
			isa = PBXResourcesBuildPhase;
			buildActionMask = 2147483647;
			files = (
			);
			runOnlyForDeploymentPostprocessing = 0;
		};
		06473C5820AD786A000806C4 /* Resources */ = {
			isa = PBXResourcesBuildPhase;
			buildActionMask = 2147483647;
			files = (
			);
			runOnlyForDeploymentPostprocessing = 0;
		};
/* End PBXResourcesBuildPhase section */

/* Begin PBXSourcesBuildPhase section */
		06473C3420AD786A000806C4 /* Sources */ = {
			isa = PBXSourcesBuildPhase;
			buildActionMask = 2147483647;
			files = (
				06473C3E20AD786A000806C4 /* ConcentrationViewController.swift in Sources */,
				063E875620C52EFB00BAF965 /* Concentration.swift in Sources */,
				063E875820C52FD100BAF965 /* Card.swift in Sources */,
				06473C4420AD786A000806C4 /* Concentration.xcdatamodeld in Sources */,
				06473C3C20AD786A000806C4 /* AppDelegate.swift in Sources */,
			);
			runOnlyForDeploymentPostprocessing = 0;
		};
		06473C4B20AD786A000806C4 /* Sources */ = {
			isa = PBXSourcesBuildPhase;
			buildActionMask = 2147483647;
			files = (
				06473C5420AD786A000806C4 /* ConcentrationTests.swift in Sources */,
			);
			runOnlyForDeploymentPostprocessing = 0;
		};
		06473C5620AD786A000806C4 /* Sources */ = {
			isa = PBXSourcesBuildPhase;
			buildActionMask = 2147483647;
			files = (
				06473C5F20AD786A000806C4 /* ConcentrationUITests.swift in Sources */,
			);
			runOnlyForDeploymentPostprocessing = 0;
		};
/* End PBXSourcesBuildPhase section */

/* Begin PBXTargetDependency section */
		06473C5120AD786A000806C4 /* PBXTargetDependency */ = {
			isa = PBXTargetDependency;
			target = 06473C3720AD786A000806C4 /* Concentration */;
			targetProxy = 06473C5020AD786A000806C4 /* PBXContainerItemProxy */;
		};
		06473C5C20AD786A000806C4 /* PBXTargetDependency */ = {
			isa = PBXTargetDependency;
			target = 06473C3720AD786A000806C4 /* Concentration */;
			targetProxy = 06473C5B20AD786A000806C4 /* PBXContainerItemProxy */;
		};
/* End PBXTargetDependency section */

/* Begin PBXVariantGroup section */
		06473C3F20AD786A000806C4 /* Main.storyboard */ = {
			isa = PBXVariantGroup;
			children = (
				06473C4020AD786A000806C4 /* Base */,
			);
			name = Main.storyboard;
			sourceTree = "<group>";
		};
		06473C4720AD786A000806C4 /* LaunchScreen.storyboard */ = {
			isa = PBXVariantGroup;
			children = (
				06473C4820AD786A000806C4 /* Base */,
			);
			name = LaunchScreen.storyboard;
			sourceTree = "<group>";
		};
/* End PBXVariantGroup section */

/* Begin XCBuildConfiguration section */
		06473C6120AD786A000806C4 /* Debug */ = {
			isa = XCBuildConfiguration;
			buildSettings = {
				ALWAYS_SEARCH_USER_PATHS = NO;
				CLANG_ANALYZER_NONNULL = YES;
				CLANG_ANALYZER_NUMBER_OBJECT_CONVERSION = YES_AGGRESSIVE;
				CLANG_CXX_LANGUAGE_STANDARD = "gnu++0x";
				CLANG_CXX_LIBRARY = "libc++";
				CLANG_ENABLE_MODULES = YES;
				CLANG_ENABLE_OBJC_ARC = YES;
				CLANG_WARN_BOOL_CONVERSION = YES;
				CLANG_WARN_CONSTANT_CONVERSION = YES;
				CLANG_WARN_DIRECT_OBJC_ISA_USAGE = YES_ERROR;
				CLANG_WARN_DOCUMENTATION_COMMENTS = YES;
				CLANG_WARN_EMPTY_BODY = YES;
				CLANG_WARN_ENUM_CONVERSION = YES;
				CLANG_WARN_INFINITE_RECURSION = YES;
				CLANG_WARN_INT_CONVERSION = YES;
				CLANG_WARN_OBJC_ROOT_CLASS = YES_ERROR;
				CLANG_WARN_SUSPICIOUS_MOVE = YES;
				CLANG_WARN_UNREACHABLE_CODE = YES;
				CLANG_WARN__DUPLICATE_METHOD_MATCH = YES;
				"CODE_SIGN_IDENTITY[sdk=iphoneos*]" = "iPhone Developer";
				COPY_PHASE_STRIP = NO;
				DEBUG_INFORMATION_FORMAT = dwarf;
				ENABLE_STRICT_OBJC_MSGSEND = YES;
				ENABLE_TESTABILITY = YES;
				GCC_C_LANGUAGE_STANDARD = gnu99;
				GCC_DYNAMIC_NO_PIC = NO;
				GCC_NO_COMMON_BLOCKS = YES;
				GCC_OPTIMIZATION_LEVEL = 0;
				GCC_PREPROCESSOR_DEFINITIONS = (
					"DEBUG=1",
					"$(inherited)",
				);
				GCC_WARN_64_TO_32_BIT_CONVERSION = YES;
				GCC_WARN_ABOUT_RETURN_TYPE = YES_ERROR;
				GCC_WARN_UNDECLARED_SELECTOR = YES;
				GCC_WARN_UNINITIALIZED_AUTOS = YES_AGGRESSIVE;
				GCC_WARN_UNUSED_FUNCTION = YES;
				GCC_WARN_UNUSED_VARIABLE = YES;
				IPHONEOS_DEPLOYMENT_TARGET = 10.3;
				MTL_ENABLE_DEBUG_INFO = YES;
				ONLY_ACTIVE_ARCH = YES;
				SDKROOT = iphoneos;
				SWIFT_ACTIVE_COMPILATION_CONDITIONS = DEBUG;
				SWIFT_OPTIMIZATION_LEVEL = "-Onone";
			};
			name = Debug;
		};
		06473C6220AD786A000806C4 /* Release */ = {
			isa = XCBuildConfiguration;
			buildSettings = {
				ALWAYS_SEARCH_USER_PATHS = NO;
				CLANG_ANALYZER_NONNULL = YES;
				CLANG_ANALYZER_NUMBER_OBJECT_CONVERSION = YES_AGGRESSIVE;
				CLANG_CXX_LANGUAGE_STANDARD = "gnu++0x";
				CLANG_CXX_LIBRARY = "libc++";
				CLANG_ENABLE_MODULES = YES;
				CLANG_ENABLE_OBJC_ARC = YES;
				CLANG_WARN_BOOL_CONVERSION = YES;
				CLANG_WARN_CONSTANT_CONVERSION = YES;
				CLANG_WARN_DIRECT_OBJC_ISA_USAGE = YES_ERROR;
				CLANG_WARN_DOCUMENTATION_COMMENTS = YES;
				CLANG_WARN_EMPTY_BODY = YES;
				CLANG_WARN_ENUM_CONVERSION = YES;
				CLANG_WARN_INFINITE_RECURSION = YES;
				CLANG_WARN_INT_CONVERSION = YES;
				CLANG_WARN_OBJC_ROOT_CLASS = YES_ERROR;
				CLANG_WARN_SUSPICIOUS_MOVE = YES;
				CLANG_WARN_UNREACHABLE_CODE = YES;
				CLANG_WARN__DUPLICATE_METHOD_MATCH = YES;
				"CODE_SIGN_IDENTITY[sdk=iphoneos*]" = "iPhone Developer";
				COPY_PHASE_STRIP = NO;
				DEBUG_INFORMATION_FORMAT = "dwarf-with-dsym";
				ENABLE_NS_ASSERTIONS = NO;
				ENABLE_STRICT_OBJC_MSGSEND = YES;
				GCC_C_LANGUAGE_STANDARD = gnu99;
				GCC_NO_COMMON_BLOCKS = YES;
				GCC_WARN_64_TO_32_BIT_CONVERSION = YES;
				GCC_WARN_ABOUT_RETURN_TYPE = YES_ERROR;
				GCC_WARN_UNDECLARED_SELECTOR = YES;
				GCC_WARN_UNINITIALIZED_AUTOS = YES_AGGRESSIVE;
				GCC_WARN_UNUSED_FUNCTION = YES;
				GCC_WARN_UNUSED_VARIABLE = YES;
				IPHONEOS_DEPLOYMENT_TARGET = 10.3;
				MTL_ENABLE_DEBUG_INFO = NO;
				SDKROOT = iphoneos;
				SWIFT_OPTIMIZATION_LEVEL = "-Owholemodule";
				VALIDATE_PRODUCT = YES;
			};
			name = Release;
		};
		06473C6420AD786A000806C4 /* Debug */ = {
			isa = XCBuildConfiguration;
			buildSettings = {
				ASSETCATALOG_COMPILER_APPICON_NAME = AppIcon;
				INFOPLIST_FILE = Concentration/Info.plist;
				LD_RUNPATH_SEARCH_PATHS = "$(inherited) @executable_path/Frameworks";
				PRODUCT_BUNDLE_IDENTIFIER = lucakozak.Concentration;
				PRODUCT_NAME = "$(TARGET_NAME)";
				SWIFT_VERSION = 3.0;
			};
			name = Debug;
		};
		06473C6520AD786A000806C4 /* Release */ = {
			isa = XCBuildConfiguration;
			buildSettings = {
				ASSETCATALOG_COMPILER_APPICON_NAME = AppIcon;
				INFOPLIST_FILE = Concentration/Info.plist;
				LD_RUNPATH_SEARCH_PATHS = "$(inherited) @executable_path/Frameworks";
				PRODUCT_BUNDLE_IDENTIFIER = lucakozak.Concentration;
				PRODUCT_NAME = "$(TARGET_NAME)";
				SWIFT_VERSION = 3.0;
			};
			name = Release;
		};
		06473C6720AD786A000806C4 /* Debug */ = {
			isa = XCBuildConfiguration;
			buildSettings = {
				ALWAYS_EMBED_SWIFT_STANDARD_LIBRARIES = YES;
				BUNDLE_LOADER = "$(TEST_HOST)";
				INFOPLIST_FILE = ConcentrationTests/Info.plist;
				LD_RUNPATH_SEARCH_PATHS = "$(inherited) @executable_path/Frameworks @loader_path/Frameworks";
				PRODUCT_BUNDLE_IDENTIFIER = lucakozak.ConcentrationTests;
				PRODUCT_NAME = "$(TARGET_NAME)";
				SWIFT_VERSION = 3.0;
				TEST_HOST = "$(BUILT_PRODUCTS_DIR)/Concentration.app/Concentration";
			};
			name = Debug;
		};
		06473C6820AD786A000806C4 /* Release */ = {
			isa = XCBuildConfiguration;
			buildSettings = {
				ALWAYS_EMBED_SWIFT_STANDARD_LIBRARIES = YES;
				BUNDLE_LOADER = "$(TEST_HOST)";
				INFOPLIST_FILE = ConcentrationTests/Info.plist;
				LD_RUNPATH_SEARCH_PATHS = "$(inherited) @executable_path/Frameworks @loader_path/Frameworks";
				PRODUCT_BUNDLE_IDENTIFIER = lucakozak.ConcentrationTests;
				PRODUCT_NAME = "$(TARGET_NAME)";
				SWIFT_VERSION = 3.0;
				TEST_HOST = "$(BUILT_PRODUCTS_DIR)/Concentration.app/Concentration";
			};
			name = Release;
		};
		06473C6A20AD786A000806C4 /* Debug */ = {
			isa = XCBuildConfiguration;
			buildSettings = {
				ALWAYS_EMBED_SWIFT_STANDARD_LIBRARIES = YES;
				INFOPLIST_FILE = ConcentrationUITests/Info.plist;
				LD_RUNPATH_SEARCH_PATHS = "$(inherited) @executable_path/Frameworks @loader_path/Frameworks";
				PRODUCT_BUNDLE_IDENTIFIER = lucakozak.ConcentrationUITests;
				PRODUCT_NAME = "$(TARGET_NAME)";
				SWIFT_VERSION = 3.0;
				TEST_TARGET_NAME = Concentration;
			};
			name = Debug;
		};
		06473C6B20AD786A000806C4 /* Release */ = {
			isa = XCBuildConfiguration;
			buildSettings = {
				ALWAYS_EMBED_SWIFT_STANDARD_LIBRARIES = YES;
				INFOPLIST_FILE = ConcentrationUITests/Info.plist;
				LD_RUNPATH_SEARCH_PATHS = "$(inherited) @executable_path/Frameworks @loader_path/Frameworks";
				PRODUCT_BUNDLE_IDENTIFIER = lucakozak.ConcentrationUITests;
				PRODUCT_NAME = "$(TARGET_NAME)";
				SWIFT_VERSION = 3.0;
				TEST_TARGET_NAME = Concentration;
			};
			name = Release;
		};
/* End XCBuildConfiguration section */

/* Begin XCConfigurationList section */
		06473C3320AD786A000806C4 /* Build configuration list for PBXProject "Concentration" */ = {
			isa = XCConfigurationList;
			buildConfigurations = (
				06473C6120AD786A000806C4 /* Debug */,
				06473C6220AD786A000806C4 /* Release */,
			);
			defaultConfigurationIsVisible = 0;
			defaultConfigurationName = Release;
		};
		06473C6320AD786A000806C4 /* Build configuration list for PBXNativeTarget "Concentration" */ = {
			isa = XCConfigurationList;
			buildConfigurations = (
				06473C6420AD786A000806C4 /* Debug */,
				06473C6520AD786A000806C4 /* Release */,
			);
			defaultConfigurationIsVisible = 0;
			defaultConfigurationName = Release;
		};
		06473C6620AD786A000806C4 /* Build configuration list for PBXNativeTarget "ConcentrationTests" */ = {
			isa = XCConfigurationList;
			buildConfigurations = (
				06473C6720AD786A000806C4 /* Debug */,
				06473C6820AD786A000806C4 /* Release */,
			);
			defaultConfigurationIsVisible = 0;
			defaultConfigurationName = Release;
		};
		06473C6920AD786A000806C4 /* Build configuration list for PBXNativeTarget "ConcentrationUITests" */ = {
			isa = XCConfigurationList;
			buildConfigurations = (
				06473C6A20AD786A000806C4 /* Debug */,
				06473C6B20AD786A000806C4 /* Release */,
			);
			defaultConfigurationIsVisible = 0;
			defaultConfigurationName = Release;
		};
/* End XCConfigurationList section */

/* Begin XCVersionGroup section */
		06473C4220AD786A000806C4 /* Concentration.xcdatamodeld */ = {
			isa = XCVersionGroup;
			children = (
				06473C4320AD786A000806C4 /* Concentration.xcdatamodel */,
			);
			currentVersion = 06473C4320AD786A000806C4 /* Concentration.xcdatamodel */;
			path = Concentration.xcdatamodeld;
			sourceTree = "<group>";
			versionGroupType = wrapper.xcdatamodel;
		};
/* End XCVersionGroup section */
	};
	rootObject = 06473C3020AD786A000806C4 /* Project object */;
}
